
Microsoft Visual Studio Solution File, Format Version 12.00
# Visual Studio Version 17
VisualStudioVersion = 17.9.34728.123
MinimumVisualStudioVersion = 10.0.40219.1
Project("{FAE04EC0-301F-11D3-BF4B-00C04F79EFBC}") = "ImageTest", "ImageTest\ImageTest.csproj", "{712CCC6E-CD48-4649-A2C0-0D329FC23D1A}"
EndProject
Global
	GlobalSection(SolutionConfigurationPlatforms) = preSolution
		Debug|Any CPU = Debug|Any CPU
		Release|Any CPU = Release|Any CPU
	EndGlobalSection
	GlobalSection(ProjectConfigurationPlatforms) = postSolution
		{712CCC6E-CD48-4649-A2C0-0D329FC23D1A}.Debug|Any CPU.ActiveCfg = Debug|Any CPU
		{712CCC6E-CD48-4649-A2C0-0D329FC23D1A}.Debug|Any CPU.Build.0 = Debug|Any CPU
		{712CCC6E-CD48-4649-A2C0-0D329FC23D1A}.Release|Any CPU.ActiveCfg = Release|Any CPU
		{712CCC6E-CD48-4649-A2C0-0D329FC23D1A}.Release|Any CPU.Build.0 = Release|Any CPU
	EndGlobalSection
	GlobalSection(SolutionProperties) = preSolution
		HideSolutionNode = FALSE
	EndGlobalSection
	GlobalSection(ExtensibilityGlobals) = postSolution
		SolutionGuid = {BDEB0C19-E55D-45B1-A5DC-4912D730C368}
	EndGlobalSection
EndGlobal
